
Microsoft Visual Studio Solution File, Format Version 10.00
# Visual Studio 2008
Project("{FAE04EC0-301F-11D3-BF4B-00C04F79EFBC}") = "MHL_CSTest", "..\MHL_CSTest\MHL_CSTest.csproj", "{6F3EFA26-1CDA-4629-A8E6-28CAF7E2A84B}"
	ProjectSection(ProjectDependencies) = postProject
		{CE20FB5A-22E0-4111-BA34-15C46978FE80} = {CE20FB5A-22E0-4111-BA34-15C46978FE80}
	EndProjectSection
EndProject
Project("{FAE04EC0-301F-11D3-BF4B-00C04F79EFBC}") = "DiscoKeys", "..\DiscoKeys\DiscoKeys.csproj", "{4683B871-E699-41DF-8283-DE55B5596496}"
	ProjectSection(ProjectDependencies) = postProject
		{CE20FB5A-22E0-4111-BA34-15C46978FE80} = {CE20FB5A-22E0-4111-BA34-15C46978FE80}
	EndProjectSection
EndProject
Project("{FAE04EC0-301F-11D3-BF4B-00C04F79EFBC}") = "UHF_RFID_Test", "..\UHF_RFID_Test\UHF_RFID_Test.csproj", "{CF381434-96A7-4310-B753-5C15A29BC2F5}"
	ProjectSection(ProjectDependencies) = postProject
		{CE20FB5A-22E0-4111-BA34-15C46978FE80} = {CE20FB5A-22E0-4111-BA34-15C46978FE80}
	EndProjectSection
EndProject
Project("{FAE04EC0-301F-11D3-BF4B-00C04F79EFBC}") = "ScanHelperTest", "..\ScanHelperTest\ScanHelperTest.csproj", "{5D9D6D5D-EF87-4C45-B735-64FA362B1A4B}"
	ProjectSection(ProjectDependencies) = postProject
		{CE20FB5A-22E0-4111-BA34-15C46978FE80} = {CE20FB5A-22E0-4111-BA34-15C46978FE80}
	EndProjectSection
EndProject
Project("{FAE04EC0-301F-11D3-BF4B-00C04F79EFBC}") = "DOTNET_MHL_V3", "DOTNET_MHL_V3.csproj", "{CE20FB5A-22E0-4111-BA34-15C46978FE80}"
EndProject
Project("{FAE04EC0-301F-11D3-BF4B-00C04F79EFBC}") = "ProgrammableLed", "..\ProgrammableLed\ProgrammableLed.csproj", "{2A628B04-FE92-4ADD-AE9E-0322E949967D}"
EndProject
Project("{FAE04EC0-301F-11D3-BF4B-00C04F79EFBC}") = "BarcodeScanner", "D:\Soft\CSh\Term\GenTerm\ScanWM\BarcodeScanner.csproj", "{19E11EB3-AD56-4E27-9045-3060BB369146}"
EndProject
Global
	GlobalSection(SolutionConfigurationPlatforms) = preSolution
		Debug|Any CPU = Debug|Any CPU
		Debug|Mixed Platforms = Debug|Mixed Platforms
		Debug|Morphic SDK (ARMV4I) = Debug|Morphic SDK (ARMV4I)
		Release|Any CPU = Release|Any CPU
		Release|Mixed Platforms = Release|Mixed Platforms
		Release|Morphic SDK (ARMV4I) = Release|Morphic SDK (ARMV4I)
	EndGlobalSection
	GlobalSection(ProjectConfigurationPlatforms) = postSolution
		{6F3EFA26-1CDA-4629-A8E6-28CAF7E2A84B}.Debug|Any CPU.ActiveCfg = Debug|Any CPU
		{6F3EFA26-1CDA-4629-A8E6-28CAF7E2A84B}.Debug|Any CPU.Build.0 = Debug|Any CPU
		{6F3EFA26-1CDA-4629-A8E6-28CAF7E2A84B}.Debug|Any CPU.Deploy.0 = Debug|Any CPU
		{6F3EFA26-1CDA-4629-A8E6-28CAF7E2A84B}.Debug|Mixed Platforms.ActiveCfg = Debug|Any CPU
		{6F3EFA26-1CDA-4629-A8E6-28CAF7E2A84B}.Debug|Mixed Platforms.Build.0 = Debug|Any CPU
		{6F3EFA26-1CDA-4629-A8E6-28CAF7E2A84B}.Debug|Mixed Platforms.Deploy.0 = Debug|Any CPU
		{6F3EFA26-1CDA-4629-A8E6-28CAF7E2A84B}.Debug|Morphic SDK (ARMV4I).ActiveCfg = Debug|Any CPU
		{6F3EFA26-1CDA-4629-A8E6-28CAF7E2A84B}.Release|Any CPU.ActiveCfg = Release|Any CPU
		{6F3EFA26-1CDA-4629-A8E6-28CAF7E2A84B}.Release|Any CPU.Build.0 = Release|Any CPU
		{6F3EFA26-1CDA-4629-A8E6-28CAF7E2A84B}.Release|Any CPU.Deploy.0 = Release|Any CPU
		{6F3EFA26-1CDA-4629-A8E6-28CAF7E2A84B}.Release|Mixed Platforms.ActiveCfg = Release|Any CPU
		{6F3EFA26-1CDA-4629-A8E6-28CAF7E2A84B}.Release|Mixed Platforms.Build.0 = Release|Any CPU
		{6F3EFA26-1CDA-4629-A8E6-28CAF7E2A84B}.Release|Mixed Platforms.Deploy.0 = Release|Any CPU
		{6F3EFA26-1CDA-4629-A8E6-28CAF7E2A84B}.Release|Morphic SDK (ARMV4I).ActiveCfg = Release|Any CPU
		{4683B871-E699-41DF-8283-DE55B5596496}.Debug|Any CPU.ActiveCfg = Debug|Any CPU
		{4683B871-E699-41DF-8283-DE55B5596496}.Debug|Any CPU.Build.0 = Debug|Any CPU
		{4683B871-E699-41DF-8283-DE55B5596496}.Debug|Any CPU.Deploy.0 = Debug|Any CPU
		{4683B871-E699-41DF-8283-DE55B5596496}.Debug|Mixed Platforms.ActiveCfg = Debug|Any CPU
		{4683B871-E699-41DF-8283-DE55B5596496}.Debug|Mixed Platforms.Build.0 = Debug|Any CPU
		{4683B871-E699-41DF-8283-DE55B5596496}.Debug|Mixed Platforms.Deploy.0 = Debug|Any CPU
		{4683B871-E699-41DF-8283-DE55B5596496}.Debug|Morphic SDK (ARMV4I).ActiveCfg = Debug|Any CPU
		{4683B871-E699-41DF-8283-DE55B5596496}.Release|Any CPU.ActiveCfg = Release|Any CPU
		{4683B871-E699-41DF-8283-DE55B5596496}.Release|Any CPU.Build.0 = Release|Any CPU
		{4683B871-E699-41DF-8283-DE55B5596496}.Release|Any CPU.Deploy.0 = Release|Any CPU
		{4683B871-E699-41DF-8283-DE55B5596496}.Release|Mixed Platforms.ActiveCfg = Release|Any CPU
		{4683B871-E699-41DF-8283-DE55B5596496}.Release|Mixed Platforms.Build.0 = Release|Any CPU
		{4683B871-E699-41DF-8283-DE55B5596496}.Release|Mixed Platforms.Deploy.0 = Release|Any CPU
		{4683B871-E699-41DF-8283-DE55B5596496}.Release|Morphic SDK (ARMV4I).ActiveCfg = Release|Any CPU
		{CF381434-96A7-4310-B753-5C15A29BC2F5}.Debug|Any CPU.ActiveCfg = Debug|Any CPU
		{CF381434-96A7-4310-B753-5C15A29BC2F5}.Debug|Any CPU.Build.0 = Debug|Any CPU
		{CF381434-96A7-4310-B753-5C15A29BC2F5}.Debug|Any CPU.Deploy.0 = Debug|Any CPU
		{CF381434-96A7-4310-B753-5C15A29BC2F5}.Debug|Mixed Platforms.ActiveCfg = Debug|Any CPU
		{CF381434-96A7-4310-B753-5C15A29BC2F5}.Debug|Mixed Platforms.Build.0 = Debug|Any CPU
		{CF381434-96A7-4310-B753-5C15A29BC2F5}.Debug|Mixed Platforms.Deploy.0 = Debug|Any CPU
		{CF381434-96A7-4310-B753-5C15A29BC2F5}.Debug|Morphic SDK (ARMV4I).ActiveCfg = Debug|Any CPU
		{CF381434-96A7-4310-B753-5C15A29BC2F5}.Release|Any CPU.ActiveCfg = Release|Any CPU
		{CF381434-96A7-4310-B753-5C15A29BC2F5}.Release|Any CPU.Build.0 = Release|Any CPU
		{CF381434-96A7-4310-B753-5C15A29BC2F5}.Release|Any CPU.Deploy.0 = Release|Any CPU
		{CF381434-96A7-4310-B753-5C15A29BC2F5}.Release|Mixed Platforms.ActiveCfg = Release|Any CPU
		{CF381434-96A7-4310-B753-5C15A29BC2F5}.Release|Mixed Platforms.Build.0 = Release|Any CPU
		{CF381434-96A7-4310-B753-5C15A29BC2F5}.Release|Mixed Platforms.Deploy.0 = Release|Any CPU
		{CF381434-96A7-4310-B753-5C15A29BC2F5}.Release|Morphic SDK (ARMV4I).ActiveCfg = Release|Any CPU
		{5D9D6D5D-EF87-4C45-B735-64FA362B1A4B}.Debug|Any CPU.ActiveCfg = Debug|Any CPU
		{5D9D6D5D-EF87-4C45-B735-64FA362B1A4B}.Debug|Any CPU.Build.0 = Debug|Any CPU
		{5D9D6D5D-EF87-4C45-B735-64FA362B1A4B}.Debug|Any CPU.Deploy.0 = Debug|Any CPU
		{5D9D6D5D-EF87-4C45-B735-64FA362B1A4B}.Debug|Mixed Platforms.ActiveCfg = Debug|Any CPU
		{5D9D6D5D-EF87-4C45-B735-64FA362B1A4B}.Debug|Mixed Platforms.Build.0 = Debug|Any CPU
		{5D9D6D5D-EF87-4C45-B735-64FA362B1A4B}.Debug|Mixed Platforms.Deploy.0 = Debug|Any CPU
		{5D9D6D5D-EF87-4C45-B735-64FA362B1A4B}.Debug|Morphic SDK (ARMV4I).ActiveCfg = Debug|Any CPU
		{5D9D6D5D-EF87-4C45-B735-64FA362B1A4B}.Release|Any CPU.ActiveCfg = Release|Any CPU
		{5D9D6D5D-EF87-4C45-B735-64FA362B1A4B}.Release|Any CPU.Build.0 = Release|Any CPU
		{5D9D6D5D-EF87-4C45-B735-64FA362B1A4B}.Release|Any CPU.Deploy.0 = Release|Any CPU
		{5D9D6D5D-EF87-4C45-B735-64FA362B1A4B}.Release|Mixed Platforms.ActiveCfg = Release|Any CPU
		{5D9D6D5D-EF87-4C45-B735-64FA362B1A4B}.Release|Mixed Platforms.Build.0 = Release|Any CPU
		{5D9D6D5D-EF87-4C45-B735-64FA362B1A4B}.Release|Mixed Platforms.Deploy.0 = Release|Any CPU
		{5D9D6D5D-EF87-4C45-B735-64FA362B1A4B}.Release|Morphic SDK (ARMV4I).ActiveCfg = Release|Any CPU
		{CE20FB5A-22E0-4111-BA34-15C46978FE80}.Debug|Any CPU.ActiveCfg = Debug|Any CPU
		{CE20FB5A-22E0-4111-BA34-15C46978FE80}.Debug|Any CPU.Build.0 = Debug|Any CPU
		{CE20FB5A-22E0-4111-BA34-15C46978FE80}.Debug|Mixed Platforms.ActiveCfg = Debug|Any CPU
		{CE20FB5A-22E0-4111-BA34-15C46978FE80}.Debug|Mixed Platforms.Build.0 = Debug|Any CPU
		{CE20FB5A-22E0-4111-BA34-15C46978FE80}.Debug|Mixed Platforms.Deploy.0 = Debug|Any CPU
		{CE20FB5A-22E0-4111-BA34-15C46978FE80}.Debug|Morphic SDK (ARMV4I).ActiveCfg = Debug|Any CPU
		{CE20FB5A-22E0-4111-BA34-15C46978FE80}.Release|Any CPU.ActiveCfg = Release|Any CPU
		{CE20FB5A-22E0-4111-BA34-15C46978FE80}.Release|Any CPU.Build.0 = Release|Any CPU
		{CE20FB5A-22E0-4111-BA34-15C46978FE80}.Release|Mixed Platforms.ActiveCfg = Release|Any CPU
		{CE20FB5A-22E0-4111-BA34-15C46978FE80}.Release|Mixed Platforms.Build.0 = Release|Any CPU
		{CE20FB5A-22E0-4111-BA34-15C46978FE80}.Release|Mixed Platforms.Deploy.0 = Release|Any CPU
		{CE20FB5A-22E0-4111-BA34-15C46978FE80}.Release|Morphic SDK (ARMV4I).ActiveCfg = Release|Any CPU
		{2A628B04-FE92-4ADD-AE9E-0322E949967D}.Debug|Any CPU.ActiveCfg = Debug|Any CPU
		{2A628B04-FE92-4ADD-AE9E-0322E949967D}.Debug|Any CPU.Build.0 = Debug|Any CPU
		{2A628B04-FE92-4ADD-AE9E-0322E949967D}.Debug|Any CPU.Deploy.0 = Debug|Any CPU
		{2A628B04-FE92-4ADD-AE9E-0322E949967D}.Debug|Mixed Platforms.ActiveCfg = Debug|Any CPU
		{2A628B04-FE92-4ADD-AE9E-0322E949967D}.Debug|Mixed Platforms.Build.0 = Debug|Any CPU
		{2A628B04-FE92-4ADD-AE9E-0322E949967D}.Debug|Mixed Platforms.Deploy.0 = Debug|Any CPU
		{2A628B04-FE92-4ADD-AE9E-0322E949967D}.Debug|Morphic SDK (ARMV4I).ActiveCfg = Debug|Any CPU
		{2A628B04-FE92-4ADD-AE9E-0322E949967D}.Release|Any CPU.ActiveCfg = Release|Any CPU
		{2A628B04-FE92-4ADD-AE9E-0322E949967D}.Release|Any CPU.Build.0 = Release|Any CPU
		{2A628B04-FE92-4ADD-AE9E-0322E949967D}.Release|Any CPU.Deploy.0 = Release|Any CPU
		{2A628B04-FE92-4ADD-AE9E-0322E949967D}.Release|Mixed Platforms.ActiveCfg = Release|Any CPU
		{2A628B04-FE92-4ADD-AE9E-0322E949967D}.Release|Mixed Platforms.Build.0 = Release|Any CPU
		{2A628B04-FE92-4ADD-AE9E-0322E949967D}.Release|Mixed Platforms.Deploy.0 = Release|Any CPU
		{2A628B04-FE92-4ADD-AE9E-0322E949967D}.Release|Morphic SDK (ARMV4I).ActiveCfg = Release|Any CPU
		{19E11EB3-AD56-4E27-9045-3060BB369146}.Debug|Any CPU.ActiveCfg = Debug|Any CPU
		{19E11EB3-AD56-4E27-9045-3060BB369146}.Debug|Any CPU.Build.0 = Debug|Any CPU
		{19E11EB3-AD56-4E27-9045-3060BB369146}.Debug|Mixed Platforms.ActiveCfg = Debug|Any CPU
		{19E11EB3-AD56-4E27-9045-3060BB369146}.Debug|Mixed Platforms.Build.0 = Debug|Any CPU
		{19E11EB3-AD56-4E27-9045-3060BB369146}.Debug|Morphic SDK (ARMV4I).ActiveCfg = Debug|Any CPU
		{19E11EB3-AD56-4E27-9045-3060BB369146}.Release|Any CPU.ActiveCfg = Release|Any CPU
		{19E11EB3-AD56-4E27-9045-3060BB369146}.Release|Any CPU.Build.0 = Release|Any CPU
		{19E11EB3-AD56-4E27-9045-3060BB369146}.Release|Mixed Platforms.ActiveCfg = Release|Any CPU
		{19E11EB3-AD56-4E27-9045-3060BB369146}.Release|Mixed Platforms.Build.0 = Release|Any CPU
		{19E11EB3-AD56-4E27-9045-3060BB369146}.Release|Morphic SDK (ARMV4I).ActiveCfg = Release|Any CPU
	EndGlobalSection
	GlobalSection(SolutionProperties) = preSolution
		HideSolutionNode = FALSE
	EndGlobalSection
EndGlobal
